
Microsoft Visual Studio Solution File, Format Version 12.00
# Visual Studio Version 17
VisualStudioVersion = 17.0.31903.59
MinimumVisualStudioVersion = 10.0.40219.1
Project("{FAE04EC0-301F-11D3-BF4B-00C04F79EFBC}") = "crm.api", "crm.api\crm.api.csproj", "{F67F8B1C-1463-46C4-B693-8160C6C7C7B7}"
EndProject
Global
	GlobalSection(SolutionConfigurationPlatforms) = preSolution
		Debug|Any CPU = Debug|Any CPU
		Release|Any CPU = Release|Any CPU
	EndGlobalSection
	GlobalSection(SolutionProperties) = preSolution
		HideSolutionNode = FALSE
	EndGlobalSection
	GlobalSection(ProjectConfigurationPlatforms) = postSolution
		{F67F8B1C-1463-46C4-B693-8160C6C7C7B7}.Debug|Any CPU.ActiveCfg = Debug|Any CPU
		{F67F8B1C-1463-46C4-B693-8160C6C7C7B7}.Debug|Any CPU.Build.0 = Debug|Any CPU
		{F67F8B1C-1463-46C4-B693-8160C6C7C7B7}.Release|Any CPU.ActiveCfg = Release|Any CPU
		{F67F8B1C-1463-46C4-B693-8160C6C7C7B7}.Release|Any CPU.Build.0 = Release|Any CPU
	EndGlobalSection
EndGlobal
